// !$*UTF8*$!
{
	archiveVersion = 1;
	classes = {
	};
	objectVersion = 56;
	objects = {

/* Begin PBXBuildFile section */
		307B3D2F2DAF4C6A00BEE959 /* KoreanGenerationsApp.swift in Sources */ = {isa = PBXBuildFile; fileRef = 307B3D2E2DAF4C6A00BEE959 /* KoreanGenerationsApp.swift */; };
		307B3D312DAF4C6A00BEE959 /* ContentView.swift in Sources */ = {isa = PBXBuildFile; fileRef = 307B3D302DAF4C6A00BEE959 /* ContentView.swift */; };
		307B3D332DAF4C6C00BEE959 /* Assets.xcassets in Resources */ = {isa = PBXBuildFile; fileRef = 307B3D322DAF4C6C00BEE959 /* Assets.xcassets */; };
		307B3D362DAF4C6C00BEE959 /* Preview Assets.xcassets in Resources */ = {isa = PBXBuildFile; fileRef = 307B3D352DAF4C6C00BEE959 /* Preview Assets.xcassets */; };
		307B3D402DAF4C6C00BEE959 /* KoreanGenerationsTests.swift in Sources */ = {isa = PBXBuildFile; fileRef = 307B3D3F2DAF4C6C00BEE959 /* KoreanGenerationsTests.swift */; };
		307B3D4A2DAF4C6C00BEE959 /* KoreanGenerationsUITests.swift in Sources */ = {isa = PBXBuildFile; fileRef = 307B3D492DAF4C6C00BEE959 /* KoreanGenerationsUITests.swift */; };
		307B3D4C2DAF4C6C00BEE959 /* KoreanGenerationsUITestsLaunchTests.swift in Sources */ = {isa = PBXBuildFile; fileRef = 307B3D4B2DAF4C6C00BEE959 /* KoreanGenerationsUITestsLaunchTests.swift */; };
		307B3D5B2DAF4D9600BEE959 /* Event.swift in Sources */ = {isa = PBXBuildFile; fileRef = 307B3D5A2DAF4D9600BEE959 /* Event.swift */; };
		307B3D5D2DAF4DA300BEE959 /* Music.swift in Sources */ = {isa = PBXBuildFile; fileRef = 307B3D5C2DAF4DA300BEE959 /* Music.swift */; };
		307B3D5F2DAF4DAA00BEE959 /* Movie.swift in Sources */ = {isa = PBXBuildFile; fileRef = 307B3D5E2DAF4DAA00BEE959 /* Movie.swift */; };
		307B3D612DAF4DB300BEE959 /* Drama.swift in Sources */ = {isa = PBXBuildFile; fileRef = 307B3D602DAF4DB300BEE959 /* Drama.swift */; };
		307B3D692DAF4DCE00BEE959 /* Animation.swift in Sources */ = {isa = PBXBuildFile; fileRef = 307B3D682DAF4DCE00BEE959 /* Animation.swift */; };
		307B3D942DAF4F2B00BEE959 /* Generation.swift in Sources */ = {isa = PBXBuildFile; fileRef = 307B3D932DAF4F2B00BEE959 /* Generation.swift */; };
		307B3D962DAF4F6000BEE959 /* GenerationUseCase.swift in Sources */ = {isa = PBXBuildFile; fileRef = 307B3D952DAF4F6000BEE959 /* GenerationUseCase.swift */; };
		307B3D982DAF4F7B00BEE959 /* GenerationRepository.swift in Sources */ = {isa = PBXBuildFile; fileRef = 307B3D972DAF4F7B00BEE959 /* GenerationRepository.swift */; };
		307B3D9A2DAF4F9000BEE959 /* APIClient.swift in Sources */ = {isa = PBXBuildFile; fileRef = 307B3D992DAF4F9000BEE959 /* APIClient.swift */; };
		307B3D9D2DAF652200BEE959 /* GenerationView.swift in Sources */ = {isa = PBXBuildFile; fileRef = 307B3D9C2DAF652200BEE959 /* GenerationView.swift */; };
		307B3DA22DAF66BD00BEE959 /* GenerationViewModel.swift in Sources */ = {isa = PBXBuildFile; fileRef = 307B3DA12DAF66BD00BEE959 /* GenerationViewModel.swift */; };
		307B3DA42DAF7F7F00BEE959 /* YearPickerView.swift in Sources */ = {isa = PBXBuildFile; fileRef = 307B3DA32DAF7F7F00BEE959 /* YearPickerView.swift */; };
		307B3DA82DAF93EA00BEE959 /* ContactView.swift in Sources */ = {isa = PBXBuildFile; fileRef = 307B3DA72DAF93EA00BEE959 /* ContactView.swift */; };
		307B3DAB2DAF974900BEE959 /* SplashView.swift in Sources */ = {isa = PBXBuildFile; fileRef = 307B3DAA2DAF974900BEE959 /* SplashView.swift */; };
		307B3DAD2DAF9D2800BEE959 /* GoogleService-Info.plist in Resources */ = {isa = PBXBuildFile; fileRef = 307B3DAC2DAF9D2800BEE959 /* GoogleService-Info.plist */; };
		307B3DB02DAF9DD500BEE959 /* FirebaseAnalytics in Frameworks */ = {isa = PBXBuildFile; productRef = 307B3DAF2DAF9DD500BEE959 /* FirebaseAnalytics */; };
		307B3DB22DAF9DD500BEE959 /* FirebaseCore in Frameworks */ = {isa = PBXBuildFile; productRef = 307B3DB12DAF9DD500BEE959 /* FirebaseCore */; };
		307B3DB42DAF9DD500BEE959 /* FirebaseCrashlytics in Frameworks */ = {isa = PBXBuildFile; productRef = 307B3DB32DAF9DD500BEE959 /* FirebaseCrashlytics */; };
		307B3DB62DAF9DD500BEE959 /* FirebaseDatabase in Frameworks */ = {isa = PBXBuildFile; productRef = 307B3DB52DAF9DD500BEE959 /* FirebaseDatabase */; };
		307B3DB82DAF9DD500BEE959 /* FirebaseFunctions in Frameworks */ = {isa = PBXBuildFile; productRef = 307B3DB72DAF9DD500BEE959 /* FirebaseFunctions */; };
		307B3DBA2DAF9DD500BEE959 /* FirebaseStorage in Frameworks */ = {isa = PBXBuildFile; productRef = 307B3DB92DAF9DD500BEE959 /* FirebaseStorage */; };
		307B3DBC2DAF9DE300BEE959 /* AppDelegate.swift in Sources */ = {isa = PBXBuildFile; fileRef = 307B3DBB2DAF9DE300BEE959 /* AppDelegate.swift */; };
		307B3DBF2DAF9EF300BEE959 /* ContactViewModel.swift in Sources */ = {isa = PBXBuildFile; fileRef = 307B3DBE2DAF9EF300BEE959 /* ContactViewModel.swift */; };
		307B3DC32DB0893800BEE959 /* SupportYearRepository.swift in Sources */ = {isa = PBXBuildFile; fileRef = 307B3DC22DB0893800BEE959 /* SupportYearRepository.swift */; };
		307B3DC72DB089F800BEE959 /* Support.swift in Sources */ = {isa = PBXBuildFile; fileRef = 307B3DC62DB089F800BEE959 /* Support.swift */; };
		307B3DC92DB08A8300BEE959 /* SupportUseCase.swift in Sources */ = {isa = PBXBuildFile; fileRef = 307B3DC82DB08A8300BEE959 /* SupportUseCase.swift */; };
		307B3DD22DB0905500BEE959 /* InfoPlist.strings in Resources */ = {isa = PBXBuildFile; fileRef = 307B3DD12DB0905500BEE959 /* InfoPlist.strings */; };
		307B3DD82DB1E9C500BEE959 /* AdmobBannerView.swift in Sources */ = {isa = PBXBuildFile; fileRef = 307B3DD72DB1E9C500BEE959 /* AdmobBannerView.swift */; };
		307B3DDB2DB1EA9A00BEE959 /* GoogleMobileAds in Frameworks */ = {isa = PBXBuildFile; productRef = 307B3DDA2DB1EA9A00BEE959 /* GoogleMobileAds */; };
/* End PBXBuildFile section */

/* Begin PBXContainerItemProxy section */
		307B3D3C2DAF4C6C00BEE959 /* PBXContainerItemProxy */ = {
			isa = PBXContainerItemProxy;
			containerPortal = 307B3D232DAF4C6A00BEE959 /* Project object */;
			proxyType = 1;
			remoteGlobalIDString = 307B3D2A2DAF4C6A00BEE959;
			remoteInfo = KoreanGenerations;
		};
		307B3D462DAF4C6C00BEE959 /* PBXContainerItemProxy */ = {
			isa = PBXContainerItemProxy;
			containerPortal = 307B3D232DAF4C6A00BEE959 /* Project object */;
			proxyType = 1;
			remoteGlobalIDString = 307B3D2A2DAF4C6A00BEE959;
			remoteInfo = KoreanGenerations;
		};
/* End PBXContainerItemProxy section */

/* Begin PBXFileReference section */
		307B3D2B2DAF4C6A00BEE959 /* KoreanGenerations.app */ = {isa = PBXFileReference; explicitFileType = wrapper.application; includeInIndex = 0; path = KoreanGenerations.app; sourceTree = BUILT_PRODUCTS_DIR; };
		307B3D2E2DAF4C6A00BEE959 /* KoreanGenerationsApp.swift */ = {isa = PBXFileReference; lastKnownFileType = sourcecode.swift; path = KoreanGenerationsApp.swift; sourceTree = "<group>"; };
		307B3D302DAF4C6A00BEE959 /* ContentView.swift */ = {isa = PBXFileReference; lastKnownFileType = sourcecode.swift; path = ContentView.swift; sourceTree = "<group>"; };
		307B3D322DAF4C6C00BEE959 /* Assets.xcassets */ = {isa = PBXFileReference; lastKnownFileType = folder.assetcatalog; path = Assets.xcassets; sourceTree = "<group>"; };
		307B3D352DAF4C6C00BEE959 /* Preview Assets.xcassets */ = {isa = PBXFileReference; lastKnownFileType = folder.assetcatalog; path = "Preview Assets.xcassets"; sourceTree = "<group>"; };
		307B3D3B2DAF4C6C00BEE959 /* KoreanGenerationsTests.xctest */ = {isa = PBXFileReference; explicitFileType = wrapper.cfbundle; includeInIndex = 0; path = KoreanGenerationsTests.xctest; sourceTree = BUILT_PRODUCTS_DIR; };
		307B3D3F2DAF4C6C00BEE959 /* KoreanGenerationsTests.swift */ = {isa = PBXFileReference; lastKnownFileType = sourcecode.swift; path = KoreanGenerationsTests.swift; sourceTree = "<group>"; };
		307B3D452DAF4C6C00BEE959 /* KoreanGenerationsUITests.xctest */ = {isa = PBXFileReference; explicitFileType = wrapper.cfbundle; includeInIndex = 0; path = KoreanGenerationsUITests.xctest; sourceTree = BUILT_PRODUCTS_DIR; };
		307B3D492DAF4C6C00BEE959 /* KoreanGenerationsUITests.swift */ = {isa = PBXFileReference; lastKnownFileType = sourcecode.swift; path = KoreanGenerationsUITests.swift; sourceTree = "<group>"; };
		307B3D4B2DAF4C6C00BEE959 /* KoreanGenerationsUITestsLaunchTests.swift */ = {isa = PBXFileReference; lastKnownFileType = sourcecode.swift; path = KoreanGenerationsUITestsLaunchTests.swift; sourceTree = "<group>"; };
		307B3D5A2DAF4D9600BEE959 /* Event.swift */ = {isa = PBXFileReference; lastKnownFileType = sourcecode.swift; path = Event.swift; sourceTree = "<group>"; };
		307B3D5C2DAF4DA300BEE959 /* Music.swift */ = {isa = PBXFileReference; lastKnownFileType = sourcecode.swift; path = Music.swift; sourceTree = "<group>"; };
		307B3D5E2DAF4DAA00BEE959 /* Movie.swift */ = {isa = PBXFileReference; lastKnownFileType = sourcecode.swift; path = Movie.swift; sourceTree = "<group>"; };
		307B3D602DAF4DB300BEE959 /* Drama.swift */ = {isa = PBXFileReference; lastKnownFileType = sourcecode.swift; path = Drama.swift; sourceTree = "<group>"; };
		307B3D682DAF4DCE00BEE959 /* Animation.swift */ = {isa = PBXFileReference; lastKnownFileType = sourcecode.swift; path = Animation.swift; sourceTree = "<group>"; };
		307B3D932DAF4F2B00BEE959 /* Generation.swift */ = {isa = PBXFileReference; lastKnownFileType = sourcecode.swift; path = Generation.swift; sourceTree = "<group>"; };
		307B3D952DAF4F6000BEE959 /* GenerationUseCase.swift */ = {isa = PBXFileReference; lastKnownFileType = sourcecode.swift; path = GenerationUseCase.swift; sourceTree = "<group>"; };
		307B3D972DAF4F7B00BEE959 /* GenerationRepository.swift */ = {isa = PBXFileReference; lastKnownFileType = sourcecode.swift; path = GenerationRepository.swift; sourceTree = "<group>"; };
		307B3D992DAF4F9000BEE959 /* APIClient.swift */ = {isa = PBXFileReference; lastKnownFileType = sourcecode.swift; path = APIClient.swift; sourceTree = "<group>"; };
		307B3D9C2DAF652200BEE959 /* GenerationView.swift */ = {isa = PBXFileReference; lastKnownFileType = sourcecode.swift; path = GenerationView.swift; sourceTree = "<group>"; };
		307B3DA12DAF66BD00BEE959 /* GenerationViewModel.swift */ = {isa = PBXFileReference; lastKnownFileType = sourcecode.swift; path = GenerationViewModel.swift; sourceTree = "<group>"; };
		307B3DA32DAF7F7F00BEE959 /* YearPickerView.swift */ = {isa = PBXFileReference; lastKnownFileType = sourcecode.swift; path = YearPickerView.swift; sourceTree = "<group>"; };
		307B3DA72DAF93EA00BEE959 /* ContactView.swift */ = {isa = PBXFileReference; lastKnownFileType = sourcecode.swift; path = ContactView.swift; sourceTree = "<group>"; };
		307B3DAA2DAF974900BEE959 /* SplashView.swift */ = {isa = PBXFileReference; lastKnownFileType = sourcecode.swift; path = SplashView.swift; sourceTree = "<group>"; };
		307B3DAC2DAF9D2800BEE959 /* GoogleService-Info.plist */ = {isa = PBXFileReference; fileEncoding = 4; lastKnownFileType = text.plist.xml; path = "GoogleService-Info.plist"; sourceTree = "<group>"; };
		307B3DBB2DAF9DE300BEE959 /* AppDelegate.swift */ = {isa = PBXFileReference; lastKnownFileType = sourcecode.swift; path = AppDelegate.swift; sourceTree = "<group>"; };
		307B3DBE2DAF9EF300BEE959 /* ContactViewModel.swift */ = {isa = PBXFileReference; lastKnownFileType = sourcecode.swift; path = ContactViewModel.swift; sourceTree = "<group>"; };
		307B3DC22DB0893800BEE959 /* SupportYearRepository.swift */ = {isa = PBXFileReference; lastKnownFileType = sourcecode.swift; path = SupportYearRepository.swift; sourceTree = "<group>"; };
		307B3DC62DB089F800BEE959 /* Support.swift */ = {isa = PBXFileReference; lastKnownFileType = sourcecode.swift; path = Support.swift; sourceTree = "<group>"; };
		307B3DC82DB08A8300BEE959 /* SupportUseCase.swift */ = {isa = PBXFileReference; lastKnownFileType = sourcecode.swift; path = SupportUseCase.swift; sourceTree = "<group>"; };
		307B3DD02DB0905500BEE959 /* en */ = {isa = PBXFileReference; lastKnownFileType = text.plist.strings; name = en; path = en.lproj/InfoPlist.strings; sourceTree = "<group>"; };
		307B3DD32DB090EF00BEE959 /* ko */ = {isa = PBXFileReference; lastKnownFileType = text.plist.strings; name = ko; path = ko.lproj/InfoPlist.strings; sourceTree = "<group>"; };
		307B3DD72DB1E9C500BEE959 /* AdmobBannerView.swift */ = {isa = PBXFileReference; lastKnownFileType = sourcecode.swift; path = AdmobBannerView.swift; sourceTree = "<group>"; };
		307B3DDC2DB1EAAE00BEE959 /* Info.plist */ = {isa = PBXFileReference; lastKnownFileType = text.plist; path = Info.plist; sourceTree = "<group>"; };
/* End PBXFileReference section */

/* Begin PBXFrameworksBuildPhase section */
		307B3D282DAF4C6A00BEE959 /* Frameworks */ = {
			isa = PBXFrameworksBuildPhase;
			buildActionMask = 2147483647;
			files = (
				307B3DB42DAF9DD500BEE959 /* FirebaseCrashlytics in Frameworks */,
				307B3DB22DAF9DD500BEE959 /* FirebaseCore in Frameworks */,
				307B3DB82DAF9DD500BEE959 /* FirebaseFunctions in Frameworks */,
				307B3DB62DAF9DD500BEE959 /* FirebaseDatabase in Frameworks */,
				307B3DB02DAF9DD500BEE959 /* FirebaseAnalytics in Frameworks */,
				307B3DBA2DAF9DD500BEE959 /* FirebaseStorage in Frameworks */,
				307B3DDB2DB1EA9A00BEE959 /* GoogleMobileAds in Frameworks */,
			);
			runOnlyForDeploymentPostprocessing = 0;
		};
		307B3D382DAF4C6C00BEE959 /* Frameworks */ = {
			isa = PBXFrameworksBuildPhase;
			buildActionMask = 2147483647;
			files = (
			);
			runOnlyForDeploymentPostprocessing = 0;
		};
		307B3D422DAF4C6C00BEE959 /* Frameworks */ = {
			isa = PBXFrameworksBuildPhase;
			buildActionMask = 2147483647;
			files = (
			);
			runOnlyForDeploymentPostprocessing = 0;
		};
/* End PBXFrameworksBuildPhase section */

/* Begin PBXGroup section */
		307B3D222DAF4C6A00BEE959 = {
			isa = PBXGroup;
			children = (
				307B3D2D2DAF4C6A00BEE959 /* KoreanGenerations */,
				307B3D3E2DAF4C6C00BEE959 /* KoreanGenerationsTests */,
				307B3D482DAF4C6C00BEE959 /* KoreanGenerationsUITests */,
				307B3D2C2DAF4C6A00BEE959 /* Products */,
			);
			sourceTree = "<group>";
		};
		307B3D2C2DAF4C6A00BEE959 /* Products */ = {
			isa = PBXGroup;
			children = (
				307B3D2B2DAF4C6A00BEE959 /* KoreanGenerations.app */,
				307B3D3B2DAF4C6C00BEE959 /* KoreanGenerationsTests.xctest */,
				307B3D452DAF4C6C00BEE959 /* KoreanGenerationsUITests.xctest */,
			);
			name = Products;
			sourceTree = "<group>";
		};
		307B3D2D2DAF4C6A00BEE959 /* KoreanGenerations */ = {
			isa = PBXGroup;
			children = (
				307B3DDC2DB1EAAE00BEE959 /* Info.plist */,
				307B3DD62DB1E9B100BEE959 /* Ads */,
				307B3DCA2DB08FF700BEE959 /* Resources */,
				307B3DAC2DAF9D2800BEE959 /* GoogleService-Info.plist */,
				307B3D9E2DAF669F00BEE959 /* Presentation */,
				307B3D8D2DAF4E5B00BEE959 /* Data */,
				307B3D582DAF4D7700BEE959 /* Domain */,
				307B3D2E2DAF4C6A00BEE959 /* KoreanGenerationsApp.swift */,
				307B3D302DAF4C6A00BEE959 /* ContentView.swift */,
				307B3D322DAF4C6C00BEE959 /* Assets.xcassets */,
				307B3D342DAF4C6C00BEE959 /* Preview Content */,
				307B3DBB2DAF9DE300BEE959 /* AppDelegate.swift */,
			);
			path = KoreanGenerations;
			sourceTree = "<group>";
		};
		307B3D342DAF4C6C00BEE959 /* Preview Content */ = {
			isa = PBXGroup;
			children = (
				307B3D352DAF4C6C00BEE959 /* Preview Assets.xcassets */,
			);
			path = "Preview Content";
			sourceTree = "<group>";
		};
		307B3D3E2DAF4C6C00BEE959 /* KoreanGenerationsTests */ = {
			isa = PBXGroup;
			children = (
				307B3D3F2DAF4C6C00BEE959 /* KoreanGenerationsTests.swift */,
			);
			path = KoreanGenerationsTests;
			sourceTree = "<group>";
		};
		307B3D482DAF4C6C00BEE959 /* KoreanGenerationsUITests */ = {
			isa = PBXGroup;
			children = (
				307B3D492DAF4C6C00BEE959 /* KoreanGenerationsUITests.swift */,
				307B3D4B2DAF4C6C00BEE959 /* KoreanGenerationsUITestsLaunchTests.swift */,
			);
			path = KoreanGenerationsUITests;
			sourceTree = "<group>";
		};
		307B3D582DAF4D7700BEE959 /* Domain */ = {
			isa = PBXGroup;
			children = (
				307B3D7C2DAF4E1A00BEE959 /* Repositories */,
				307B3D6A2DAF4DD500BEE959 /* UseCases */,
				307B3D592DAF4D7E00BEE959 /* Entities */,
			);
			path = Domain;
			sourceTree = "<group>";
		};
		307B3D592DAF4D7E00BEE959 /* Entities */ = {
			isa = PBXGroup;
			children = (
				307B3DC52DB089E300BEE959 /* Support */,
				307B3DC42DB089D400BEE959 /* Generation */,
			);
			path = Entities;
			sourceTree = "<group>";
		};
		307B3D6A2DAF4DD500BEE959 /* UseCases */ = {
			isa = PBXGroup;
			children = (
				307B3D952DAF4F6000BEE959 /* GenerationUseCase.swift */,
				307B3DC82DB08A8300BEE959 /* SupportUseCase.swift */,
			);
			path = UseCases;
			sourceTree = "<group>";
		};
		307B3D7C2DAF4E1A00BEE959 /* Repositories */ = {
			isa = PBXGroup;
			children = (
				307B3D972DAF4F7B00BEE959 /* GenerationRepository.swift */,
				307B3DC22DB0893800BEE959 /* SupportYearRepository.swift */,
			);
			path = Repositories;
			sourceTree = "<group>";
		};
		307B3D8D2DAF4E5B00BEE959 /* Data */ = {
			isa = PBXGroup;
			children = (
				307B3D8E2DAF4ECD00BEE959 /* API */,
			);
			path = Data;
			sourceTree = "<group>";
		};
		307B3D8E2DAF4ECD00BEE959 /* API */ = {
			isa = PBXGroup;
			children = (
				307B3D992DAF4F9000BEE959 /* APIClient.swift */,
			);
			path = API;
			sourceTree = "<group>";
		};
		307B3D9B2DAF651500BEE959 /* View */ = {
			isa = PBXGroup;
			children = (
				307B3D9C2DAF652200BEE959 /* GenerationView.swift */,
				307B3DA32DAF7F7F00BEE959 /* YearPickerView.swift */,
			);
			path = View;
			sourceTree = "<group>";
		};
		307B3D9E2DAF669F00BEE959 /* Presentation */ = {
			isa = PBXGroup;
			children = (
				307B3DA92DAF973200BEE959 /* Splash */,
				307B3DA52DAF93DB00BEE959 /* Contact */,
				307B3D9F2DAF66AB00BEE959 /* Generation */,
			);
			path = Presentation;
			sourceTree = "<group>";
		};
		307B3D9F2DAF66AB00BEE959 /* Generation */ = {
			isa = PBXGroup;
			children = (
				307B3DA02DAF66B300BEE959 /* ViewModel */,
				307B3D9B2DAF651500BEE959 /* View */,
			);
			path = Generation;
			sourceTree = "<group>";
		};
		307B3DA02DAF66B300BEE959 /* ViewModel */ = {
			isa = PBXGroup;
			children = (
				307B3DA12DAF66BD00BEE959 /* GenerationViewModel.swift */,
			);
			path = ViewModel;
			sourceTree = "<group>";
		};
		307B3DA52DAF93DB00BEE959 /* Contact */ = {
			isa = PBXGroup;
			children = (
				307B3DBD2DAF9EEA00BEE959 /* ViewModel */,
				307B3DA62DAF93E100BEE959 /* View */,
			);
			path = Contact;
			sourceTree = "<group>";
		};
		307B3DA62DAF93E100BEE959 /* View */ = {
			isa = PBXGroup;
			children = (
				307B3DA72DAF93EA00BEE959 /* ContactView.swift */,
			);
			path = View;
			sourceTree = "<group>";
		};
		307B3DA92DAF973200BEE959 /* Splash */ = {
			isa = PBXGroup;
			children = (
				307B3DAA2DAF974900BEE959 /* SplashView.swift */,
			);
			path = Splash;
			sourceTree = "<group>";
		};
		307B3DBD2DAF9EEA00BEE959 /* ViewModel */ = {
			isa = PBXGroup;
			children = (
				307B3DBE2DAF9EF300BEE959 /* ContactViewModel.swift */,
			);
			path = ViewModel;
			sourceTree = "<group>";
		};
		307B3DC42DB089D400BEE959 /* Generation */ = {
			isa = PBXGroup;
			children = (
				307B3D5A2DAF4D9600BEE959 /* Event.swift */,
				307B3D5C2DAF4DA300BEE959 /* Music.swift */,
				307B3D5E2DAF4DAA00BEE959 /* Movie.swift */,
				307B3D602DAF4DB300BEE959 /* Drama.swift */,
				307B3D682DAF4DCE00BEE959 /* Animation.swift */,
				307B3D932DAF4F2B00BEE959 /* Generation.swift */,
			);
			path = Generation;
			sourceTree = "<group>";
		};
		307B3DC52DB089E300BEE959 /* Support */ = {
			isa = PBXGroup;
			children = (
				307B3DC62DB089F800BEE959 /* Support.swift */,
			);
			path = Support;
			sourceTree = "<group>";
		};
		307B3DCA2DB08FF700BEE959 /* Resources */ = {
			isa = PBXGroup;
			children = (
				307B3DD12DB0905500BEE959 /* InfoPlist.strings */,
			);
			path = Resources;
			sourceTree = "<group>";
		};
		307B3DD62DB1E9B100BEE959 /* Ads */ = {
			isa = PBXGroup;
			children = (
				307B3DD72DB1E9C500BEE959 /* AdmobBannerView.swift */,
			);
			path = Ads;
			sourceTree = "<group>";
		};
/* End PBXGroup section */

/* Begin PBXNativeTarget section */
		307B3D2A2DAF4C6A00BEE959 /* KoreanGenerations */ = {
			isa = PBXNativeTarget;
			buildConfigurationList = 307B3D4F2DAF4C6C00BEE959 /* Build configuration list for PBXNativeTarget "KoreanGenerations" */;
			buildPhases = (
				307B3D272DAF4C6A00BEE959 /* Sources */,
				307B3D282DAF4C6A00BEE959 /* Frameworks */,
				307B3D292DAF4C6A00BEE959 /* Resources */,
			);
			buildRules = (
			);
			dependencies = (
			);
			name = KoreanGenerations;
			packageProductDependencies = (
				307B3DAF2DAF9DD500BEE959 /* FirebaseAnalytics */,
				307B3DB12DAF9DD500BEE959 /* FirebaseCore */,
				307B3DB32DAF9DD500BEE959 /* FirebaseCrashlytics */,
				307B3DB52DAF9DD500BEE959 /* FirebaseDatabase */,
				307B3DB72DAF9DD500BEE959 /* FirebaseFunctions */,
				307B3DB92DAF9DD500BEE959 /* FirebaseStorage */,
				307B3DDA2DB1EA9A00BEE959 /* GoogleMobileAds */,
			);
			productName = KoreanGenerations;
			productReference = 307B3D2B2DAF4C6A00BEE959 /* KoreanGenerations.app */;
			productType = "com.apple.product-type.application";
		};
		307B3D3A2DAF4C6C00BEE959 /* KoreanGenerationsTests */ = {
			isa = PBXNativeTarget;
			buildConfigurationList = 307B3D522DAF4C6C00BEE959 /* Build configuration list for PBXNativeTarget "KoreanGenerationsTests" */;
			buildPhases = (
				307B3D372DAF4C6C00BEE959 /* Sources */,
				307B3D382DAF4C6C00BEE959 /* Frameworks */,
				307B3D392DAF4C6C00BEE959 /* Resources */,
			);
			buildRules = (
			);
			dependencies = (
				307B3D3D2DAF4C6C00BEE959 /* PBXTargetDependency */,
			);
			name = KoreanGenerationsTests;
			productName = KoreanGenerationsTests;
			productReference = 307B3D3B2DAF4C6C00BEE959 /* KoreanGenerationsTests.xctest */;
			productType = "com.apple.product-type.bundle.unit-test";
		};
		307B3D442DAF4C6C00BEE959 /* KoreanGenerationsUITests */ = {
			isa = PBXNativeTarget;
			buildConfigurationList = 307B3D552DAF4C6C00BEE959 /* Build configuration list for PBXNativeTarget "KoreanGenerationsUITests" */;
			buildPhases = (
				307B3D412DAF4C6C00BEE959 /* Sources */,
				307B3D422DAF4C6C00BEE959 /* Frameworks */,
				307B3D432DAF4C6C00BEE959 /* Resources */,
			);
			buildRules = (
			);
			dependencies = (
				307B3D472DAF4C6C00BEE959 /* PBXTargetDependency */,
			);
			name = KoreanGenerationsUITests;
			productName = KoreanGenerationsUITests;
			productReference = 307B3D452DAF4C6C00BEE959 /* KoreanGenerationsUITests.xctest */;
			productType = "com.apple.product-type.bundle.ui-testing";
		};
/* End PBXNativeTarget section */

/* Begin PBXProject section */
		307B3D232DAF4C6A00BEE959 /* Project object */ = {
			isa = PBXProject;
			attributes = {
				BuildIndependentTargetsInParallel = 1;
				LastSwiftUpdateCheck = 1540;
				LastUpgradeCheck = 1540;
				TargetAttributes = {
					307B3D2A2DAF4C6A00BEE959 = {
						CreatedOnToolsVersion = 15.4;
					};
					307B3D3A2DAF4C6C00BEE959 = {
						CreatedOnToolsVersion = 15.4;
						TestTargetID = 307B3D2A2DAF4C6A00BEE959;
					};
					307B3D442DAF4C6C00BEE959 = {
						CreatedOnToolsVersion = 15.4;
						TestTargetID = 307B3D2A2DAF4C6A00BEE959;
					};
				};
			};
			buildConfigurationList = 307B3D262DAF4C6A00BEE959 /* Build configuration list for PBXProject "KoreanGenerations" */;
			compatibilityVersion = "Xcode 14.0";
			developmentRegion = ko;
			hasScannedForEncodings = 0;
			knownRegions = (
				en,
				ko,
			);
			mainGroup = 307B3D222DAF4C6A00BEE959;
			packageReferences = (
				307B3DAE2DAF9DD500BEE959 /* XCRemoteSwiftPackageReference "firebase-ios-sdk" */,
				307B3DD92DB1EA9A00BEE959 /* XCRemoteSwiftPackageReference "swift-package-manager-google-mobile-ads" */,
			);
			productRefGroup = 307B3D2C2DAF4C6A00BEE959 /* Products */;
			projectDirPath = "";
			projectRoot = "";
			targets = (
				307B3D2A2DAF4C6A00BEE959 /* KoreanGenerations */,
				307B3D3A2DAF4C6C00BEE959 /* KoreanGenerationsTests */,
				307B3D442DAF4C6C00BEE959 /* KoreanGenerationsUITests */,
			);
		};
/* End PBXProject section */

/* Begin PBXResourcesBuildPhase section */
		307B3D292DAF4C6A00BEE959 /* Resources */ = {
			isa = PBXResourcesBuildPhase;
			buildActionMask = 2147483647;
			files = (
				307B3D362DAF4C6C00BEE959 /* Preview Assets.xcassets in Resources */,
				307B3DD22DB0905500BEE959 /* InfoPlist.strings in Resources */,
				307B3D332DAF4C6C00BEE959 /* Assets.xcassets in Resources */,
				307B3DAD2DAF9D2800BEE959 /* GoogleService-Info.plist in Resources */,
			);
			runOnlyForDeploymentPostprocessing = 0;
		};
		307B3D392DAF4C6C00BEE959 /* Resources */ = {
			isa = PBXResourcesBuildPhase;
			buildActionMask = 2147483647;
			files = (
			);
			runOnlyForDeploymentPostprocessing = 0;
		};
		307B3D432DAF4C6C00BEE959 /* Resources */ = {
			isa = PBXResourcesBuildPhase;
			buildActionMask = 2147483647;
			files = (
			);
			runOnlyForDeploymentPostprocessing = 0;
		};
/* End PBXResourcesBuildPhase section */

/* Begin PBXSourcesBuildPhase section */
		307B3D272DAF4C6A00BEE959 /* Sources */ = {
			isa = PBXSourcesBuildPhase;
			buildActionMask = 2147483647;
			files = (
				307B3DD82DB1E9C500BEE959 /* AdmobBannerView.swift in Sources */,
				307B3D9A2DAF4F9000BEE959 /* APIClient.swift in Sources */,
				307B3DC72DB089F800BEE959 /* Support.swift in Sources */,
				307B3DC92DB08A8300BEE959 /* SupportUseCase.swift in Sources */,
				307B3DAB2DAF974900BEE959 /* SplashView.swift in Sources */,
				307B3D312DAF4C6A00BEE959 /* ContentView.swift in Sources */,
				307B3D9D2DAF652200BEE959 /* GenerationView.swift in Sources */,
				307B3DA42DAF7F7F00BEE959 /* YearPickerView.swift in Sources */,
				307B3DA22DAF66BD00BEE959 /* GenerationViewModel.swift in Sources */,
				307B3D962DAF4F6000BEE959 /* GenerationUseCase.swift in Sources */,
				307B3DBF2DAF9EF300BEE959 /* ContactViewModel.swift in Sources */,
				307B3D942DAF4F2B00BEE959 /* Generation.swift in Sources */,
				307B3D5B2DAF4D9600BEE959 /* Event.swift in Sources */,
				307B3D2F2DAF4C6A00BEE959 /* KoreanGenerationsApp.swift in Sources */,
				307B3D5D2DAF4DA300BEE959 /* Music.swift in Sources */,
				307B3D982DAF4F7B00BEE959 /* GenerationRepository.swift in Sources */,
				307B3D5F2DAF4DAA00BEE959 /* Movie.swift in Sources */,
				307B3D692DAF4DCE00BEE959 /* Animation.swift in Sources */,
				307B3DA82DAF93EA00BEE959 /* ContactView.swift in Sources */,
				307B3DC32DB0893800BEE959 /* SupportYearRepository.swift in Sources */,
				307B3DBC2DAF9DE300BEE959 /* AppDelegate.swift in Sources */,
				307B3D612DAF4DB300BEE959 /* Drama.swift in Sources */,
			);
			runOnlyForDeploymentPostprocessing = 0;
		};
		307B3D372DAF4C6C00BEE959 /* Sources */ = {
			isa = PBXSourcesBuildPhase;
			buildActionMask = 2147483647;
			files = (
				307B3D402DAF4C6C00BEE959 /* KoreanGenerationsTests.swift in Sources */,
			);
			runOnlyForDeploymentPostprocessing = 0;
		};
		307B3D412DAF4C6C00BEE959 /* Sources */ = {
			isa = PBXSourcesBuildPhase;
			buildActionMask = 2147483647;
			files = (
				307B3D4C2DAF4C6C00BEE959 /* KoreanGenerationsUITestsLaunchTests.swift in Sources */,
				307B3D4A2DAF4C6C00BEE959 /* KoreanGenerationsUITests.swift in Sources */,
			);
			runOnlyForDeploymentPostprocessing = 0;
		};
/* End PBXSourcesBuildPhase section */

/* Begin PBXTargetDependency section */
		307B3D3D2DAF4C6C00BEE959 /* PBXTargetDependency */ = {
			isa = PBXTargetDependency;
			target = 307B3D2A2DAF4C6A00BEE959 /* KoreanGenerations */;
			targetProxy = 307B3D3C2DAF4C6C00BEE959 /* PBXContainerItemProxy */;
		};
		307B3D472DAF4C6C00BEE959 /* PBXTargetDependency */ = {
			isa = PBXTargetDependency;
			target = 307B3D2A2DAF4C6A00BEE959 /* KoreanGenerations */;
			targetProxy = 307B3D462DAF4C6C00BEE959 /* PBXContainerItemProxy */;
		};
/* End PBXTargetDependency section */

/* Begin PBXVariantGroup section */
		307B3DD12DB0905500BEE959 /* InfoPlist.strings */ = {
			isa = PBXVariantGroup;
			children = (
				307B3DD02DB0905500BEE959 /* en */,
				307B3DD32DB090EF00BEE959 /* ko */,
			);
			name = InfoPlist.strings;
			sourceTree = "<group>";
		};
/* End PBXVariantGroup section */

/* Begin XCBuildConfiguration section */
		307B3D4D2DAF4C6C00BEE959 /* Debug */ = {
			isa = XCBuildConfiguration;
			buildSettings = {
				ALWAYS_SEARCH_USER_PATHS = NO;
				ASSETCATALOG_COMPILER_GENERATE_SWIFT_ASSET_SYMBOL_EXTENSIONS = YES;
				CLANG_ANALYZER_LOCALIZABILITY_NONLOCALIZED = YES;
				CLANG_ANALYZER_NONNULL = YES;
				CLANG_ANALYZER_NUMBER_OBJECT_CONVERSION = YES_AGGRESSIVE;
				CLANG_CXX_LANGUAGE_STANDARD = "gnu++20";
				CLANG_ENABLE_MODULES = YES;
				CLANG_ENABLE_OBJC_ARC = YES;
				CLANG_ENABLE_OBJC_WEAK = YES;
				CLANG_WARN_BLOCK_CAPTURE_AUTORELEASING = YES;
				CLANG_WARN_BOOL_CONVERSION = YES;
				CLANG_WARN_COMMA = YES;
				CLANG_WARN_CONSTANT_CONVERSION = YES;
				CLANG_WARN_DEPRECATED_OBJC_IMPLEMENTATIONS = YES;
				CLANG_WARN_DIRECT_OBJC_ISA_USAGE = YES_ERROR;
				CLANG_WARN_DOCUMENTATION_COMMENTS = YES;
				CLANG_WARN_EMPTY_BODY = YES;
				CLANG_WARN_ENUM_CONVERSION = YES;
				CLANG_WARN_INFINITE_RECURSION = YES;
				CLANG_WARN_INT_CONVERSION = YES;
				CLANG_WARN_NON_LITERAL_NULL_CONVERSION = YES;
				CLANG_WARN_OBJC_IMPLICIT_RETAIN_SELF = YES;
				CLANG_WARN_OBJC_LITERAL_CONVERSION = YES;
				CLANG_WARN_OBJC_ROOT_CLASS = YES_ERROR;
				CLANG_WARN_QUOTED_INCLUDE_IN_FRAMEWORK_HEADER = YES;
				CLANG_WARN_RANGE_LOOP_ANALYSIS = YES;
				CLANG_WARN_STRICT_PROTOTYPES = YES;
				CLANG_WARN_SUSPICIOUS_MOVE = YES;
				CLANG_WARN_UNGUARDED_AVAILABILITY = YES_AGGRESSIVE;
				CLANG_WARN_UNREACHABLE_CODE = YES;
				CLANG_WARN__DUPLICATE_METHOD_MATCH = YES;
				COPY_PHASE_STRIP = NO;
				DEBUG_INFORMATION_FORMAT = dwarf;
				ENABLE_STRICT_OBJC_MSGSEND = YES;
				ENABLE_TESTABILITY = YES;
				ENABLE_USER_SCRIPT_SANDBOXING = YES;
				GCC_C_LANGUAGE_STANDARD = gnu17;
				GCC_DYNAMIC_NO_PIC = NO;
				GCC_NO_COMMON_BLOCKS = YES;
				GCC_OPTIMIZATION_LEVEL = 0;
				GCC_PREPROCESSOR_DEFINITIONS = (
					"DEBUG=1",
					"$(inherited)",
				);
				GCC_WARN_64_TO_32_BIT_CONVERSION = YES;
				GCC_WARN_ABOUT_RETURN_TYPE = YES_ERROR;
				GCC_WARN_UNDECLARED_SELECTOR = YES;
				GCC_WARN_UNINITIALIZED_AUTOS = YES_AGGRESSIVE;
				GCC_WARN_UNUSED_FUNCTION = YES;
				GCC_WARN_UNUSED_VARIABLE = YES;
				IPHONEOS_DEPLOYMENT_TARGET = 17.5;
				LOCALIZATION_PREFERS_STRING_CATALOGS = YES;
				MTL_ENABLE_DEBUG_INFO = INCLUDE_SOURCE;
				MTL_FAST_MATH = YES;
				ONLY_ACTIVE_ARCH = YES;
				SDKROOT = iphoneos;
				SWIFT_ACTIVE_COMPILATION_CONDITIONS = "DEBUG $(inherited)";
				SWIFT_OPTIMIZATION_LEVEL = "-Onone";
			};
			name = Debug;
		};
		307B3D4E2DAF4C6C00BEE959 /* Release */ = {
			isa = XCBuildConfiguration;
			buildSettings = {
				ALWAYS_SEARCH_USER_PATHS = NO;
				ASSETCATALOG_COMPILER_GENERATE_SWIFT_ASSET_SYMBOL_EXTENSIONS = YES;
				CLANG_ANALYZER_LOCALIZABILITY_NONLOCALIZED = YES;
				CLANG_ANALYZER_NONNULL = YES;
				CLANG_ANALYZER_NUMBER_OBJECT_CONVERSION = YES_AGGRESSIVE;
				CLANG_CXX_LANGUAGE_STANDARD = "gnu++20";
				CLANG_ENABLE_MODULES = YES;
				CLANG_ENABLE_OBJC_ARC = YES;
				CLANG_ENABLE_OBJC_WEAK = YES;
				CLANG_WARN_BLOCK_CAPTURE_AUTORELEASING = YES;
				CLANG_WARN_BOOL_CONVERSION = YES;
				CLANG_WARN_COMMA = YES;
				CLANG_WARN_CONSTANT_CONVERSION = YES;
				CLANG_WARN_DEPRECATED_OBJC_IMPLEMENTATIONS = YES;
				CLANG_WARN_DIRECT_OBJC_ISA_USAGE = YES_ERROR;
				CLANG_WARN_DOCUMENTATION_COMMENTS = YES;
				CLANG_WARN_EMPTY_BODY = YES;
				CLANG_WARN_ENUM_CONVERSION = YES;
				CLANG_WARN_INFINITE_RECURSION = YES;
				CLANG_WARN_INT_CONVERSION = YES;
				CLANG_WARN_NON_LITERAL_NULL_CONVERSION = YES;
				CLANG_WARN_OBJC_IMPLICIT_RETAIN_SELF = YES;
				CLANG_WARN_OBJC_LITERAL_CONVERSION = YES;
				CLANG_WARN_OBJC_ROOT_CLASS = YES_ERROR;
				CLANG_WARN_QUOTED_INCLUDE_IN_FRAMEWORK_HEADER = YES;
				CLANG_WARN_RANGE_LOOP_ANALYSIS = YES;
				CLANG_WARN_STRICT_PROTOTYPES = YES;
				CLANG_WARN_SUSPICIOUS_MOVE = YES;
				CLANG_WARN_UNGUARDED_AVAILABILITY = YES_AGGRESSIVE;
				CLANG_WARN_UNREACHABLE_CODE = YES;
				CLANG_WARN__DUPLICATE_METHOD_MATCH = YES;
				COPY_PHASE_STRIP = NO;
				DEBUG_INFORMATION_FORMAT = "dwarf-with-dsym";
				ENABLE_NS_ASSERTIONS = NO;
				ENABLE_STRICT_OBJC_MSGSEND = YES;
				ENABLE_USER_SCRIPT_SANDBOXING = YES;
				GCC_C_LANGUAGE_STANDARD = gnu17;
				GCC_NO_COMMON_BLOCKS = YES;
				GCC_WARN_64_TO_32_BIT_CONVERSION = YES;
				GCC_WARN_ABOUT_RETURN_TYPE = YES_ERROR;
				GCC_WARN_UNDECLARED_SELECTOR = YES;
				GCC_WARN_UNINITIALIZED_AUTOS = YES_AGGRESSIVE;
				GCC_WARN_UNUSED_FUNCTION = YES;
				GCC_WARN_UNUSED_VARIABLE = YES;
				IPHONEOS_DEPLOYMENT_TARGET = 17.5;
				LOCALIZATION_PREFERS_STRING_CATALOGS = YES;
				MTL_ENABLE_DEBUG_INFO = NO;
				MTL_FAST_MATH = YES;
				SDKROOT = iphoneos;
				SWIFT_COMPILATION_MODE = wholemodule;
				VALIDATE_PRODUCT = YES;
			};
			name = Release;
		};
		307B3D502DAF4C6C00BEE959 /* Debug */ = {
			isa = XCBuildConfiguration;
			buildSettings = {
				ASSETCATALOG_COMPILER_APPICON_NAME = AppIcon;
				ASSETCATALOG_COMPILER_GLOBAL_ACCENT_COLOR_NAME = AccentColor;
				CODE_SIGN_STYLE = Automatic;
				CURRENT_PROJECT_VERSION = 1;
				DEVELOPMENT_ASSET_PATHS = "\"KoreanGenerations/Preview Content\"";
				DEVELOPMENT_TEAM = HW9XJ9J5M2;
				ENABLE_PREVIEWS = YES;
				GENERATE_INFOPLIST_FILE = YES;
				INFOPLIST_FILE = KoreanGenerations/Info.plist;
				INFOPLIST_KEY_UIApplicationSceneManifest_Generation = YES;
				INFOPLIST_KEY_UIApplicationSupportsIndirectInputEvents = YES;
				INFOPLIST_KEY_UILaunchScreen_Generation = YES;
				INFOPLIST_KEY_UISupportedInterfaceOrientations_iPad = "UIInterfaceOrientationPortrait UIInterfaceOrientationPortraitUpsideDown UIInterfaceOrientationLandscapeLeft UIInterfaceOrientationLandscapeRight";
				INFOPLIST_KEY_UISupportedInterfaceOrientations_iPhone = "UIInterfaceOrientationPortrait UIInterfaceOrientationLandscapeLeft UIInterfaceOrientationLandscapeRight";
				LD_RUNPATH_SEARCH_PATHS = (
					"$(inherited)",
					"@executable_path/Frameworks",
				);
				MARKETING_VERSION = 1.0.1;
				PRODUCT_BUNDLE_IDENTIFIER = com.jiny.swiftui.KoreanGenerations;
				PRODUCT_NAME = "$(TARGET_NAME)";
				SWIFT_EMIT_LOC_STRINGS = YES;
				SWIFT_VERSION = 5.0;
				TARGETED_DEVICE_FAMILY = "1,2";
			};
			name = Debug;
		};
		307B3D512DAF4C6C00BEE959 /* Release */ = {
			isa = XCBuildConfiguration;
			buildSettings = {
				ASSETCATALOG_COMPILER_APPICON_NAME = AppIcon;
				ASSETCATALOG_COMPILER_GLOBAL_ACCENT_COLOR_NAME = AccentColor;
				CODE_SIGN_STYLE = Automatic;
				CURRENT_PROJECT_VERSION = 1;
				DEVELOPMENT_ASSET_PATHS = "\"KoreanGenerations/Preview Content\"";
				DEVELOPMENT_TEAM = HW9XJ9J5M2;
				ENABLE_PREVIEWS = YES;
				GENERATE_INFOPLIST_FILE = YES;
				INFOPLIST_FILE = KoreanGenerations/Info.plist;
				INFOPLIST_KEY_UIApplicationSceneManifest_Generation = YES;
				INFOPLIST_KEY_UIApplicationSupportsIndirectInputEvents = YES;
				INFOPLIST_KEY_UILaunchScreen_Generation = YES;
				INFOPLIST_KEY_UISupportedInterfaceOrientations_iPad = "UIInterfaceOrientationPortrait UIInterfaceOrientationPortraitUpsideDown UIInterfaceOrientationLandscapeLeft UIInterfaceOrientationLandscapeRight";
				INFOPLIST_KEY_UISupportedInterfaceOrientations_iPhone = "UIInterfaceOrientationPortrait UIInterfaceOrientationLandscapeLeft UIInterfaceOrientationLandscapeRight";
				LD_RUNPATH_SEARCH_PATHS = (
					"$(inherited)",
					"@executable_path/Frameworks",
				);
				MARKETING_VERSION = 1.0.1;
				PRODUCT_BUNDLE_IDENTIFIER = com.jiny.swiftui.KoreanGenerations;
				PRODUCT_NAME = "$(TARGET_NAME)";
				SWIFT_EMIT_LOC_STRINGS = YES;
				SWIFT_VERSION = 5.0;
				TARGETED_DEVICE_FAMILY = "1,2";
			};
			name = Release;
		};
		307B3D532DAF4C6C00BEE959 /* Debug */ = {
			isa = XCBuildConfiguration;
			buildSettings = {
				ALWAYS_EMBED_SWIFT_STANDARD_LIBRARIES = YES;
				BUNDLE_LOADER = "$(TEST_HOST)";
				CODE_SIGN_STYLE = Automatic;
				CURRENT_PROJECT_VERSION = 1;
				DEVELOPMENT_TEAM = HW9XJ9J5M2;
				GENERATE_INFOPLIST_FILE = YES;
				IPHONEOS_DEPLOYMENT_TARGET = 17.5;
				MARKETING_VERSION = 1.0;
				PRODUCT_BUNDLE_IDENTIFIER = com.jiny.swiftui.KoreanGenerationsTests;
				PRODUCT_NAME = "$(TARGET_NAME)";
				SWIFT_EMIT_LOC_STRINGS = NO;
				SWIFT_VERSION = 5.0;
				TARGETED_DEVICE_FAMILY = "1,2";
				TEST_HOST = "$(BUILT_PRODUCTS_DIR)/KoreanGenerations.app/$(BUNDLE_EXECUTABLE_FOLDER_PATH)/KoreanGenerations";
			};
			name = Debug;
		};
		307B3D542DAF4C6C00BEE959 /* Release */ = {
			isa = XCBuildConfiguration;
			buildSettings = {
				ALWAYS_EMBED_SWIFT_STANDARD_LIBRARIES = YES;
				BUNDLE_LOADER = "$(TEST_HOST)";
				CODE_SIGN_STYLE = Automatic;
				CURRENT_PROJECT_VERSION = 1;
				DEVELOPMENT_TEAM = HW9XJ9J5M2;
				GENERATE_INFOPLIST_FILE = YES;
				IPHONEOS_DEPLOYMENT_TARGET = 17.5;
				MARKETING_VERSION = 1.0;
				PRODUCT_BUNDLE_IDENTIFIER = com.jiny.swiftui.KoreanGenerationsTests;
				PRODUCT_NAME = "$(TARGET_NAME)";
				SWIFT_EMIT_LOC_STRINGS = NO;
				SWIFT_VERSION = 5.0;
				TARGETED_DEVICE_FAMILY = "1,2";
				TEST_HOST = "$(BUILT_PRODUCTS_DIR)/KoreanGenerations.app/$(BUNDLE_EXECUTABLE_FOLDER_PATH)/KoreanGenerations";
			};
			name = Release;
		};
		307B3D562DAF4C6C00BEE959 /* Debug */ = {
			isa = XCBuildConfiguration;
			buildSettings = {
				ALWAYS_EMBED_SWIFT_STANDARD_LIBRARIES = YES;
				CODE_SIGN_STYLE = Automatic;
				CURRENT_PROJECT_VERSION = 1;
				DEVELOPMENT_TEAM = HW9XJ9J5M2;
				GENERATE_INFOPLIST_FILE = YES;
				MARKETING_VERSION = 1.0;
				PRODUCT_BUNDLE_IDENTIFIER = com.jiny.swiftui.KoreanGenerationsUITests;
				PRODUCT_NAME = "$(TARGET_NAME)";
				SWIFT_EMIT_LOC_STRINGS = NO;
				SWIFT_VERSION = 5.0;
				TARGETED_DEVICE_FAMILY = "1,2";
				TEST_TARGET_NAME = KoreanGenerations;
			};
			name = Debug;
		};
		307B3D572DAF4C6C00BEE959 /* Release */ = {
			isa = XCBuildConfiguration;
			buildSettings = {
				ALWAYS_EMBED_SWIFT_STANDARD_LIBRARIES = YES;
				CODE_SIGN_STYLE = Automatic;
				CURRENT_PROJECT_VERSION = 1;
				DEVELOPMENT_TEAM = HW9XJ9J5M2;
				GENERATE_INFOPLIST_FILE = YES;
				MARKETING_VERSION = 1.0;
				PRODUCT_BUNDLE_IDENTIFIER = com.jiny.swiftui.KoreanGenerationsUITests;
				PRODUCT_NAME = "$(TARGET_NAME)";
				SWIFT_EMIT_LOC_STRINGS = NO;
				SWIFT_VERSION = 5.0;
				TARGETED_DEVICE_FAMILY = "1,2";
				TEST_TARGET_NAME = KoreanGenerations;
			};
			name = Release;
		};
/* End XCBuildConfiguration section */

/* Begin XCConfigurationList section */
		307B3D262DAF4C6A00BEE959 /* Build configuration list for PBXProject "KoreanGenerations" */ = {
			isa = XCConfigurationList;
			buildConfigurations = (
				307B3D4D2DAF4C6C00BEE959 /* Debug */,
				307B3D4E2DAF4C6C00BEE959 /* Release */,
			);
			defaultConfigurationIsVisible = 0;
			defaultConfigurationName = Release;
		};
		307B3D4F2DAF4C6C00BEE959 /* Build configuration list for PBXNativeTarget "KoreanGenerations" */ = {
			isa = XCConfigurationList;
			buildConfigurations = (
				307B3D502DAF4C6C00BEE959 /* Debug */,
				307B3D512DAF4C6C00BEE959 /* Release */,
			);
			defaultConfigurationIsVisible = 0;
			defaultConfigurationName = Release;
		};
		307B3D522DAF4C6C00BEE959 /* Build configuration list for PBXNativeTarget "KoreanGenerationsTests" */ = {
			isa = XCConfigurationList;
			buildConfigurations = (
				307B3D532DAF4C6C00BEE959 /* Debug */,
				307B3D542DAF4C6C00BEE959 /* Release */,
			);
			defaultConfigurationIsVisible = 0;
			defaultConfigurationName = Release;
		};
		307B3D552DAF4C6C00BEE959 /* Build configuration list for PBXNativeTarget "KoreanGenerationsUITests" */ = {
			isa = XCConfigurationList;
			buildConfigurations = (
				307B3D562DAF4C6C00BEE959 /* Debug */,
				307B3D572DAF4C6C00BEE959 /* Release */,
			);
			defaultConfigurationIsVisible = 0;
			defaultConfigurationName = Release;
		};
/* End XCConfigurationList section */

/* Begin XCRemoteSwiftPackageReference section */
		307B3DAE2DAF9DD500BEE959 /* XCRemoteSwiftPackageReference "firebase-ios-sdk" */ = {
			isa = XCRemoteSwiftPackageReference;
			repositoryURL = "https://github.com/firebase/firebase-ios-sdk.git";
			requirement = {
				kind = upToNextMajorVersion;
				minimumVersion = 11.11.0;
			};
		};
		307B3DD92DB1EA9A00BEE959 /* XCRemoteSwiftPackageReference "swift-package-manager-google-mobile-ads" */ = {
			isa = XCRemoteSwiftPackageReference;
			repositoryURL = "https://github.com/googleads/swift-package-manager-google-mobile-ads.git";
			requirement = {
				kind = upToNextMajorVersion;
				minimumVersion = 12.3.0;
			};
		};
/* End XCRemoteSwiftPackageReference section */

/* Begin XCSwiftPackageProductDependency section */
		307B3DAF2DAF9DD500BEE959 /* FirebaseAnalytics */ = {
			isa = XCSwiftPackageProductDependency;
			package = 307B3DAE2DAF9DD500BEE959 /* XCRemoteSwiftPackageReference "firebase-ios-sdk" */;
			productName = FirebaseAnalytics;
		};
		307B3DB12DAF9DD500BEE959 /* FirebaseCore */ = {
			isa = XCSwiftPackageProductDependency;
			package = 307B3DAE2DAF9DD500BEE959 /* XCRemoteSwiftPackageReference "firebase-ios-sdk" */;
			productName = FirebaseCore;
		};
		307B3DB32DAF9DD500BEE959 /* FirebaseCrashlytics */ = {
			isa = XCSwiftPackageProductDependency;
			package = 307B3DAE2DAF9DD500BEE959 /* XCRemoteSwiftPackageReference "firebase-ios-sdk" */;
			productName = FirebaseCrashlytics;
		};
		307B3DB52DAF9DD500BEE959 /* FirebaseDatabase */ = {
			isa = XCSwiftPackageProductDependency;
			package = 307B3DAE2DAF9DD500BEE959 /* XCRemoteSwiftPackageReference "firebase-ios-sdk" */;
			productName = FirebaseDatabase;
		};
		307B3DB72DAF9DD500BEE959 /* FirebaseFunctions */ = {
			isa = XCSwiftPackageProductDependency;
			package = 307B3DAE2DAF9DD500BEE959 /* XCRemoteSwiftPackageReference "firebase-ios-sdk" */;
			productName = FirebaseFunctions;
		};
		307B3DB92DAF9DD500BEE959 /* FirebaseStorage */ = {
			isa = XCSwiftPackageProductDependency;
			package = 307B3DAE2DAF9DD500BEE959 /* XCRemoteSwiftPackageReference "firebase-ios-sdk" */;
			productName = FirebaseStorage;
		};
		307B3DDA2DB1EA9A00BEE959 /* GoogleMobileAds */ = {
			isa = XCSwiftPackageProductDependency;
			package = 307B3DD92DB1EA9A00BEE959 /* XCRemoteSwiftPackageReference "swift-package-manager-google-mobile-ads" */;
			productName = GoogleMobileAds;
		};
/* End XCSwiftPackageProductDependency section */
	};
	rootObject = 307B3D232DAF4C6A00BEE959 /* Project object */;
}
